%{"eredis": {:hex, :eredis, "1.0.8", "ab4fda1c4ba7fbe6c19c26c249dc13da916d762502c4b4fa2df401a8d51c5364", [:rebar], []},
  "exredis": {:hex, :exredis, "0.2.1", "9db2b227f24576eef62b00c795d97752986fd6e641f5772cf514ea9b4573e275", [:mix], [{:eredis, ">= 1.0.8", [hex: :eredis, optional: false]}]},
  "red_black_tree": {:git, "https://github.com/santosh79/red_black_tree", "bcf1e858f57604c51c7ffefea561c744fada4e16", [tag: "0.1.0"]}}
