%{
  "eredis": {:hex, :eredis, "1.2.0", "0b8e9cfc2c00fa1374cd107ea63b49be08d933df2cf175e6a89b73dd9c380de4", [:rebar3], [], "hexpm"},
  "exredis": {:hex, :exredis, "0.3.0", "2530d9d8d5a98c5bc80bf7a14e15440a88abd6457618682f10851e39ebdd518b", [:mix], [{:eredis, ">= 1.0.8", [hex: :eredis, repo: "hexpm", optional: false]}], "hexpm"},
}
